
Microsoft Visual Studio Solution File, Format Version 12.00
# Visual Studio 15
VisualStudioVersion = 15.0.28307.106
MinimumVisualStudioVersion = 10.0.40219.1
Project("{FAE04EC0-301F-11D3-BF4B-00C04F79EFBC}") = "PassingCars", "PassingCars\PassingCars.csproj", "{FD9A713B-C597-41AA-AC9B-32E1011ACA21}"
EndProject
Global
	GlobalSection(SolutionConfigurationPlatforms) = preSolution
		Debug|Any CPU = Debug|Any CPU
		Release|Any CPU = Release|Any CPU
	EndGlobalSection
	GlobalSection(ProjectConfigurationPlatforms) = postSolution
		{FD9A713B-C597-41AA-AC9B-32E1011ACA21}.Debug|Any CPU.ActiveCfg = Debug|Any CPU
		{FD9A713B-C597-41AA-AC9B-32E1011ACA21}.Debug|Any CPU.Build.0 = Debug|Any CPU
		{FD9A713B-C597-41AA-AC9B-32E1011ACA21}.Release|Any CPU.ActiveCfg = Release|Any CPU
		{FD9A713B-C597-41AA-AC9B-32E1011ACA21}.Release|Any CPU.Build.0 = Release|Any CPU
	EndGlobalSection
	GlobalSection(SolutionProperties) = preSolution
		HideSolutionNode = FALSE
	EndGlobalSection
	GlobalSection(ExtensibilityGlobals) = postSolution
		SolutionGuid = {B7109A5A-464B-40E9-A411-2E13BB58F9C7}
	EndGlobalSection
EndGlobal
